
Microsoft Visual Studio Solution File, Format Version 12.00
# Visual Studio Version 17
VisualStudioVersion = 17.6.33815.320
MinimumVisualStudioVersion = 10.0.40219.1
Project("{FAE04EC0-301F-11D3-BF4B-00C04F79EFBC}") = "KinoBilet", "KinoBilet.csproj", "{8A9BBB08-3FEB-418A-9922-9579F7AFBEAA}"
EndProject
Project("{FAE04EC0-301F-11D3-BF4B-00C04F79EFBC}") = "KinoBilet.Repository", "KinoBilet.Repository\KinoBilet.Repository.csproj", "{E929B05C-71A2-42CD-A764-4D0803550B0F}"
EndProject
Project("{FAE04EC0-301F-11D3-BF4B-00C04F79EFBC}") = "KinoBilet.Web", "KinoBilet.Web\KinoBilet.Web.csproj", "{FEAA49A3-4FDA-4836-ACE5-F5328EC5F0DE}"
EndProject
Project("{FAE04EC0-301F-11D3-BF4B-00C04F79EFBC}") = "KinoBilet.Service", "KinoBilet.Service\KinoBilet.Service.csproj", "{C095741C-8E87-40F3-8978-B65A0E4C6591}"
EndProject
Project("{FAE04EC0-301F-11D3-BF4B-00C04F79EFBC}") = "KinotBilet.Domain", "KinotBilet.Domain\KinotBilet.Domain.csproj", "{3AA9855B-358A-43AF-8006-F7699DC0F4C4}"
EndProject
Global
	GlobalSection(SolutionConfigurationPlatforms) = preSolution
		Debug|Any CPU = Debug|Any CPU
		Release|Any CPU = Release|Any CPU
	EndGlobalSection
	GlobalSection(ProjectConfigurationPlatforms) = postSolution
		{8A9BBB08-3FEB-418A-9922-9579F7AFBEAA}.Debug|Any CPU.ActiveCfg = Debug|Any CPU
		{8A9BBB08-3FEB-418A-9922-9579F7AFBEAA}.Debug|Any CPU.Build.0 = Debug|Any CPU
		{8A9BBB08-3FEB-418A-9922-9579F7AFBEAA}.Release|Any CPU.ActiveCfg = Release|Any CPU
		{8A9BBB08-3FEB-418A-9922-9579F7AFBEAA}.Release|Any CPU.Build.0 = Release|Any CPU
		{E929B05C-71A2-42CD-A764-4D0803550B0F}.Debug|Any CPU.ActiveCfg = Debug|Any CPU
		{E929B05C-71A2-42CD-A764-4D0803550B0F}.Debug|Any CPU.Build.0 = Debug|Any CPU
		{E929B05C-71A2-42CD-A764-4D0803550B0F}.Release|Any CPU.ActiveCfg = Release|Any CPU
		{E929B05C-71A2-42CD-A764-4D0803550B0F}.Release|Any CPU.Build.0 = Release|Any CPU
		{FEAA49A3-4FDA-4836-ACE5-F5328EC5F0DE}.Debug|Any CPU.ActiveCfg = Debug|Any CPU
		{FEAA49A3-4FDA-4836-ACE5-F5328EC5F0DE}.Debug|Any CPU.Build.0 = Debug|Any CPU
		{FEAA49A3-4FDA-4836-ACE5-F5328EC5F0DE}.Release|Any CPU.ActiveCfg = Release|Any CPU
		{FEAA49A3-4FDA-4836-ACE5-F5328EC5F0DE}.Release|Any CPU.Build.0 = Release|Any CPU
		{C095741C-8E87-40F3-8978-B65A0E4C6591}.Debug|Any CPU.ActiveCfg = Debug|Any CPU
		{C095741C-8E87-40F3-8978-B65A0E4C6591}.Debug|Any CPU.Build.0 = Debug|Any CPU
		{C095741C-8E87-40F3-8978-B65A0E4C6591}.Release|Any CPU.ActiveCfg = Release|Any CPU
		{C095741C-8E87-40F3-8978-B65A0E4C6591}.Release|Any CPU.Build.0 = Release|Any CPU
		{3AA9855B-358A-43AF-8006-F7699DC0F4C4}.Debug|Any CPU.ActiveCfg = Debug|Any CPU
		{3AA9855B-358A-43AF-8006-F7699DC0F4C4}.Debug|Any CPU.Build.0 = Debug|Any CPU
		{3AA9855B-358A-43AF-8006-F7699DC0F4C4}.Release|Any CPU.ActiveCfg = Release|Any CPU
		{3AA9855B-358A-43AF-8006-F7699DC0F4C4}.Release|Any CPU.Build.0 = Release|Any CPU
	EndGlobalSection
	GlobalSection(SolutionProperties) = preSolution
		HideSolutionNode = FALSE
	EndGlobalSection
	GlobalSection(ExtensibilityGlobals) = postSolution
		SolutionGuid = {0A860061-A57B-475D-9CB8-6AA805D51E76}
	EndGlobalSection
EndGlobal
